// !$*UTF8*$!
{
	archiveVersion = 1;
	classes = {
	};
	objectVersion = 48;
	objects = {

/* Begin PBXBuildFile section */
		6C574790204EA8F7006BD7B1 /* AppDelegate.swift in Sources */ = {isa = PBXBuildFile; fileRef = 6C57478F204EA8F7006BD7B1 /* AppDelegate.swift */; };
		6C574792204EA8F7006BD7B1 /* ViewController.swift in Sources */ = {isa = PBXBuildFile; fileRef = 6C574791204EA8F7006BD7B1 /* ViewController.swift */; };
		6C574795204EA8F7006BD7B1 /* Main.storyboard in Resources */ = {isa = PBXBuildFile; fileRef = 6C574793204EA8F7006BD7B1 /* Main.storyboard */; };
		6C574797204EA8F7006BD7B1 /* Assets.xcassets in Resources */ = {isa = PBXBuildFile; fileRef = 6C574796204EA8F7006BD7B1 /* Assets.xcassets */; };
		6C57479A204EA8F7006BD7B1 /* LaunchScreen.storyboard in Resources */ = {isa = PBXBuildFile; fileRef = 6C574798204EA8F7006BD7B1 /* LaunchScreen.storyboard */; };
		E585EDE78694365ED5CF3F37 /* Pods_ChangeTest.framework in Frameworks */ = {isa = PBXBuildFile; fileRef = 8C2E7BA9C9A007540B45D30B /* Pods_ChangeTest.framework */; };
/* End PBXBuildFile section */

/* Begin PBXFileReference section */
		67615D2F89D8C57C27447BA9 /* Pods-ChangeTest.release.xcconfig */ = {isa = PBXFileReference; includeInIndex = 1; lastKnownFileType = text.xcconfig; name = "Pods-ChangeTest.release.xcconfig"; path = "Pods/Target Support Files/Pods-ChangeTest/Pods-ChangeTest.release.xcconfig"; sourceTree = "<group>"; };
		6C57478C204EA8F7006BD7B1 /* ChangeTest.app */ = {isa = PBXFileReference; explicitFileType = wrapper.application; includeInIndex = 0; path = ChangeTest.app; sourceTree = BUILT_PRODUCTS_DIR; };
		6C57478F204EA8F7006BD7B1 /* AppDelegate.swift */ = {isa = PBXFileReference; lastKnownFileType = sourcecode.swift; path = AppDelegate.swift; sourceTree = "<group>"; };
		6C574791204EA8F7006BD7B1 /* ViewController.swift */ = {isa = PBXFileReference; lastKnownFileType = sourcecode.swift; path = ViewController.swift; sourceTree = "<group>"; };
		6C574794204EA8F7006BD7B1 /* Base */ = {isa = PBXFileReference; lastKnownFileType = file.storyboard; name = Base; path = Base.lproj/Main.storyboard; sourceTree = "<group>"; };
		6C574796204EA8F7006BD7B1 /* Assets.xcassets */ = {isa = PBXFileReference; lastKnownFileType = folder.assetcatalog; path = Assets.xcassets; sourceTree = "<group>"; };
		6C574799204EA8F7006BD7B1 /* Base */ = {isa = PBXFileReference; lastKnownFileType = file.storyboard; name = Base; path = Base.lproj/LaunchScreen.storyboard; sourceTree = "<group>"; };
		6C57479B204EA8F7006BD7B1 /* Info.plist */ = {isa = PBXFileReference; lastKnownFileType = text.plist.xml; path = Info.plist; sourceTree = "<group>"; };
		8C2E7BA9C9A007540B45D30B /* Pods_ChangeTest.framework */ = {isa = PBXFileReference; explicitFileType = wrapper.framework; includeInIndex = 0; path = Pods_ChangeTest.framework; sourceTree = BUILT_PRODUCTS_DIR; };
		B9E82C7BC27A06ABDFD360A2 /* Pods-ChangeTest.debug.xcconfig */ = {isa = PBXFileReference; includeInIndex = 1; lastKnownFileType = text.xcconfig; name = "Pods-ChangeTest.debug.xcconfig"; path = "Pods/Target Support Files/Pods-ChangeTest/Pods-ChangeTest.debug.xcconfig"; sourceTree = "<group>"; };
/* End PBXFileReference section */

/* Begin PBXFrameworksBuildPhase section */
		6C574789204EA8F7006BD7B1 /* Frameworks */ = {
			isa = PBXFrameworksBuildPhase;
			buildActionMask = 2147483647;
			files = (
				E585EDE78694365ED5CF3F37 /* Pods_ChangeTest.framework in Frameworks */,
			);
			runOnlyForDeploymentPostprocessing = 0;
		};
/* End PBXFrameworksBuildPhase section */

/* Begin PBXGroup section */
		1633386A4674021C5B8D6EC6 /* Frameworks */ = {
			isa = PBXGroup;
			children = (
				8C2E7BA9C9A007540B45D30B /* Pods_ChangeTest.framework */,
			);
			name = Frameworks;
			sourceTree = "<group>";
		};
		6C574783204EA8F7006BD7B1 = {
			isa = PBXGroup;
			children = (
				6C57478E204EA8F7006BD7B1 /* ChangeTest */,
				6C57478D204EA8F7006BD7B1 /* Products */,
				BA48A6075D3BFA4D15A17579 /* Pods */,
				1633386A4674021C5B8D6EC6 /* Frameworks */,
			);
			sourceTree = "<group>";
		};
		6C57478D204EA8F7006BD7B1 /* Products */ = {
			isa = PBXGroup;
			children = (
				6C57478C204EA8F7006BD7B1 /* ChangeTest.app */,
			);
			name = Products;
			sourceTree = "<group>";
		};
		6C57478E204EA8F7006BD7B1 /* ChangeTest */ = {
			isa = PBXGroup;
			children = (
				6C57478F204EA8F7006BD7B1 /* AppDelegate.swift */,
				6C574791204EA8F7006BD7B1 /* ViewController.swift */,
				6C574793204EA8F7006BD7B1 /* Main.storyboard */,
				6C574796204EA8F7006BD7B1 /* Assets.xcassets */,
				6C574798204EA8F7006BD7B1 /* LaunchScreen.storyboard */,
				6C57479B204EA8F7006BD7B1 /* Info.plist */,
			);
			path = ChangeTest;
			sourceTree = "<group>";
		};
		BA48A6075D3BFA4D15A17579 /* Pods */ = {
			isa = PBXGroup;
			children = (
				B9E82C7BC27A06ABDFD360A2 /* Pods-ChangeTest.debug.xcconfig */,
				67615D2F89D8C57C27447BA9 /* Pods-ChangeTest.release.xcconfig */,
			);
			name = Pods;
			sourceTree = "<group>";
		};
/* End PBXGroup section */

/* Begin PBXNativeTarget section */
		6C57478B204EA8F7006BD7B1 /* ChangeTest */ = {
			isa = PBXNativeTarget;
			buildConfigurationList = 6C57479E204EA8F7006BD7B1 /* Build configuration list for PBXNativeTarget "ChangeTest" */;
			buildPhases = (
				5625B435E8B32C8BEE828373 /* [CP] Check Pods Manifest.lock */,
				6C574788204EA8F7006BD7B1 /* Sources */,
				6C574789204EA8F7006BD7B1 /* Frameworks */,
				6C57478A204EA8F7006BD7B1 /* Resources */,
				64BBA0055CA82D86FB5A119D /* [CP] Embed Pods Frameworks */,
				4DD918D51A7D2B0FBF6C83DE /* [CP] Copy Pods Resources */,
			);
			buildRules = (
			);
			dependencies = (
			);
			name = ChangeTest;
			productName = ChangeTest;
			productReference = 6C57478C204EA8F7006BD7B1 /* ChangeTest.app */;
			productType = "com.apple.product-type.application";
		};
/* End PBXNativeTarget section */

/* Begin PBXProject section */
		6C574784204EA8F7006BD7B1 /* Project object */ = {
			isa = PBXProject;
			attributes = {
				LastSwiftUpdateCheck = 0920;
				LastUpgradeCheck = 0920;
				ORGANIZATIONNAME = "Вячеслав Лойе";
				TargetAttributes = {
					6C57478B204EA8F7006BD7B1 = {
						CreatedOnToolsVersion = 9.2;
						ProvisioningStyle = Automatic;
					};
				};
			};
			buildConfigurationList = 6C574787204EA8F7006BD7B1 /* Build configuration list for PBXProject "ChangeTest" */;
			compatibilityVersion = "Xcode 8.0";
			developmentRegion = en;
			hasScannedForEncodings = 0;
			knownRegions = (
				en,
				Base,
			);
			mainGroup = 6C574783204EA8F7006BD7B1;
			productRefGroup = 6C57478D204EA8F7006BD7B1 /* Products */;
			projectDirPath = "";
			projectRoot = "";
			targets = (
				6C57478B204EA8F7006BD7B1 /* ChangeTest */,
			);
		};
/* End PBXProject section */

/* Begin PBXResourcesBuildPhase section */
		6C57478A204EA8F7006BD7B1 /* Resources */ = {
			isa = PBXResourcesBuildPhase;
			buildActionMask = 2147483647;
			files = (
				6C57479A204EA8F7006BD7B1 /* LaunchScreen.storyboard in Resources */,
				6C574797204EA8F7006BD7B1 /* Assets.xcassets in Resources */,
				6C574795204EA8F7006BD7B1 /* Main.storyboard in Resources */,
			);
			runOnlyForDeploymentPostprocessing = 0;
		};
/* End PBXResourcesBuildPhase section */

/* Begin PBXShellScriptBuildPhase section */
		4DD918D51A7D2B0FBF6C83DE /* [CP] Copy Pods Resources */ = {
			isa = PBXShellScriptBuildPhase;
			buildActionMask = 2147483647;
			files = (
			);
			inputPaths = (
			);
			name = "[CP] Copy Pods Resources";
			outputPaths = (
			);
			runOnlyForDeploymentPostprocessing = 0;
			shellPath = /bin/sh;
			shellScript = "\"${SRCROOT}/Pods/Target Support Files/Pods-ChangeTest/Pods-ChangeTest-resources.sh\"\n";
			showEnvVarsInLog = 0;
		};
		5625B435E8B32C8BEE828373 /* [CP] Check Pods Manifest.lock */ = {
			isa = PBXShellScriptBuildPhase;
			buildActionMask = 2147483647;
			files = (
			);
			inputPaths = (
				"${PODS_PODFILE_DIR_PATH}/Podfile.lock",
				"${PODS_ROOT}/Manifest.lock",
			);
			name = "[CP] Check Pods Manifest.lock";
			outputPaths = (
				"$(DERIVED_FILE_DIR)/Pods-ChangeTest-checkManifestLockResult.txt",
			);
			runOnlyForDeploymentPostprocessing = 0;
			shellPath = /bin/sh;
			shellScript = "diff \"${PODS_PODFILE_DIR_PATH}/Podfile.lock\" \"${PODS_ROOT}/Manifest.lock\" > /dev/null\nif [ $? != 0 ] ; then\n    # print error to STDERR\n    echo \"error: The sandbox is not in sync with the Podfile.lock. Run 'pod install' or update your CocoaPods installation.\" >&2\n    exit 1\nfi\n# This output is used by Xcode 'outputs' to avoid re-running this script phase.\necho \"SUCCESS\" > \"${SCRIPT_OUTPUT_FILE_0}\"\n";
			showEnvVarsInLog = 0;
		};
		64BBA0055CA82D86FB5A119D /* [CP] Embed Pods Frameworks */ = {
			isa = PBXShellScriptBuildPhase;
			buildActionMask = 2147483647;
			files = (
			);
			inputPaths = (
				"${SRCROOT}/Pods/Target Support Files/Pods-ChangeTest/Pods-ChangeTest-frameworks.sh",
				"${BUILT_PRODUCTS_DIR}/Alamofire/Alamofire.framework",
				"${BUILT_PRODUCTS_DIR}/KYDrawerController/KYDrawerController.framework",
				"${BUILT_PRODUCTS_DIR}/SDWebImage/SDWebImage.framework",
			);
			name = "[CP] Embed Pods Frameworks";
			outputPaths = (
				"${TARGET_BUILD_DIR}/${FRAMEWORKS_FOLDER_PATH}/Alamofire.framework",
				"${TARGET_BUILD_DIR}/${FRAMEWORKS_FOLDER_PATH}/KYDrawerController.framework",
				"${TARGET_BUILD_DIR}/${FRAMEWORKS_FOLDER_PATH}/SDWebImage.framework",
			);
			runOnlyForDeploymentPostprocessing = 0;
			shellPath = /bin/sh;
			shellScript = "\"${SRCROOT}/Pods/Target Support Files/Pods-ChangeTest/Pods-ChangeTest-frameworks.sh\"\n";
			showEnvVarsInLog = 0;
		};
/* End PBXShellScriptBuildPhase section */

/* Begin PBXSourcesBuildPhase section */
		6C574788204EA8F7006BD7B1 /* Sources */ = {
			isa = PBXSourcesBuildPhase;
			buildActionMask = 2147483647;
			files = (
				6C574792204EA8F7006BD7B1 /* ViewController.swift in Sources */,
				6C574790204EA8F7006BD7B1 /* AppDelegate.swift in Sources */,
			);
			runOnlyForDeploymentPostprocessing = 0;
		};
/* End PBXSourcesBuildPhase section */

/* Begin PBXVariantGroup section */
		6C574793204EA8F7006BD7B1 /* Main.storyboard */ = {
			isa = PBXVariantGroup;
			children = (
				6C574794204EA8F7006BD7B1 /* Base */,
			);
			name = Main.storyboard;
			sourceTree = "<group>";
		};
		6C574798204EA8F7006BD7B1 /* LaunchScreen.storyboard */ = {
			isa = PBXVariantGroup;
			children = (
				6C574799204EA8F7006BD7B1 /* Base */,
			);
			name = LaunchScreen.storyboard;
			sourceTree = "<group>";
		};
/* End PBXVariantGroup section */

/* Begin XCBuildConfiguration section */
		6C57479C204EA8F7006BD7B1 /* Debug */ = {
			isa = XCBuildConfiguration;
			buildSettings = {
				ALWAYS_SEARCH_USER_PATHS = NO;
				CLANG_ANALYZER_NONNULL = YES;
				CLANG_ANALYZER_NUMBER_OBJECT_CONVERSION = YES_AGGRESSIVE;
				CLANG_CXX_LANGUAGE_STANDARD = "gnu++14";
				CLANG_CXX_LIBRARY = "libc++";
				CLANG_ENABLE_MODULES = YES;
				CLANG_ENABLE_OBJC_ARC = YES;
				CLANG_WARN_BLOCK_CAPTURE_AUTORELEASING = YES;
				CLANG_WARN_BOOL_CONVERSION = YES;
				CLANG_WARN_COMMA = YES;
				CLANG_WARN_CONSTANT_CONVERSION = YES;
				CLANG_WARN_DIRECT_OBJC_ISA_USAGE = YES_ERROR;
				CLANG_WARN_DOCUMENTATION_COMMENTS = YES;
				CLANG_WARN_EMPTY_BODY = YES;
				CLANG_WARN_ENUM_CONVERSION = YES;
				CLANG_WARN_INFINITE_RECURSION = YES;
				CLANG_WARN_INT_CONVERSION = YES;
				CLANG_WARN_NON_LITERAL_NULL_CONVERSION = YES;
				CLANG_WARN_OBJC_LITERAL_CONVERSION = YES;
				CLANG_WARN_OBJC_ROOT_CLASS = YES_ERROR;
				CLANG_WARN_RANGE_LOOP_ANALYSIS = YES;
				CLANG_WARN_STRICT_PROTOTYPES = YES;
				CLANG_WARN_SUSPICIOUS_MOVE = YES;
				CLANG_WARN_UNGUARDED_AVAILABILITY = YES_AGGRESSIVE;
				CLANG_WARN_UNREACHABLE_CODE = YES;
				CLANG_WARN__DUPLICATE_METHOD_MATCH = YES;
				CODE_SIGN_IDENTITY = "iPhone Developer";
				COPY_PHASE_STRIP = NO;
				DEBUG_INFORMATION_FORMAT = dwarf;
				ENABLE_STRICT_OBJC_MSGSEND = YES;
				ENABLE_TESTABILITY = YES;
				GCC_C_LANGUAGE_STANDARD = gnu11;
				GCC_DYNAMIC_NO_PIC = NO;
				GCC_NO_COMMON_BLOCKS = YES;
				GCC_OPTIMIZATION_LEVEL = 0;
				GCC_PREPROCESSOR_DEFINITIONS = (
					"DEBUG=1",
					"$(inherited)",
				);
				GCC_WARN_64_TO_32_BIT_CONVERSION = YES;
				GCC_WARN_ABOUT_RETURN_TYPE = YES_ERROR;
				GCC_WARN_UNDECLARED_SELECTOR = YES;
				GCC_WARN_UNINITIALIZED_AUTOS = YES_AGGRESSIVE;
				GCC_WARN_UNUSED_FUNCTION = YES;
				GCC_WARN_UNUSED_VARIABLE = YES;
				IPHONEOS_DEPLOYMENT_TARGET = 11.2;
				MTL_ENABLE_DEBUG_INFO = YES;
				ONLY_ACTIVE_ARCH = YES;
				SDKROOT = iphoneos;
				SWIFT_ACTIVE_COMPILATION_CONDITIONS = DEBUG;
				SWIFT_OPTIMIZATION_LEVEL = "-Onone";
			};
			name = Debug;
		};
		6C57479D204EA8F7006BD7B1 /* Release */ = {
			isa = XCBuildConfiguration;
			buildSettings = {
				ALWAYS_SEARCH_USER_PATHS = NO;
				CLANG_ANALYZER_NONNULL = YES;
				CLANG_ANALYZER_NUMBER_OBJECT_CONVERSION = YES_AGGRESSIVE;
				CLANG_CXX_LANGUAGE_STANDARD = "gnu++14";
				CLANG_CXX_LIBRARY = "libc++";
				CLANG_ENABLE_MODULES = YES;
				CLANG_ENABLE_OBJC_ARC = YES;
				CLANG_WARN_BLOCK_CAPTURE_AUTORELEASING = YES;
				CLANG_WARN_BOOL_CONVERSION = YES;
				CLANG_WARN_COMMA = YES;
				CLANG_WARN_CONSTANT_CONVERSION = YES;
				CLANG_WARN_DIRECT_OBJC_ISA_USAGE = YES_ERROR;
				CLANG_WARN_DOCUMENTATION_COMMENTS = YES;
				CLANG_WARN_EMPTY_BODY = YES;
				CLANG_WARN_ENUM_CONVERSION = YES;
				CLANG_WARN_INFINITE_RECURSION = YES;
				CLANG_WARN_INT_CONVERSION = YES;
				CLANG_WARN_NON_LITERAL_NULL_CONVERSION = YES;
				CLANG_WARN_OBJC_LITERAL_CONVERSION = YES;
				CLANG_WARN_OBJC_ROOT_CLASS = YES_ERROR;
				CLANG_WARN_RANGE_LOOP_ANALYSIS = YES;
				CLANG_WARN_STRICT_PROTOTYPES = YES;
				CLANG_WARN_SUSPICIOUS_MOVE = YES;
				CLANG_WARN_UNGUARDED_AVAILABILITY = YES_AGGRESSIVE;
				CLANG_WARN_UNREACHABLE_CODE = YES;
				CLANG_WARN__DUPLICATE_METHOD_MATCH = YES;
				CODE_SIGN_IDENTITY = "iPhone Developer";
				COPY_PHASE_STRIP = NO;
				DEBUG_INFORMATION_FORMAT = "dwarf-with-dsym";
				ENABLE_NS_ASSERTIONS = NO;
				ENABLE_STRICT_OBJC_MSGSEND = YES;
				GCC_C_LANGUAGE_STANDARD = gnu11;
				GCC_NO_COMMON_BLOCKS = YES;
				GCC_WARN_64_TO_32_BIT_CONVERSION = YES;
				GCC_WARN_ABOUT_RETURN_TYPE = YES_ERROR;
				GCC_WARN_UNDECLARED_SELECTOR = YES;
				GCC_WARN_UNINITIALIZED_AUTOS = YES_AGGRESSIVE;
				GCC_WARN_UNUSED_FUNCTION = YES;
				GCC_WARN_UNUSED_VARIABLE = YES;
				IPHONEOS_DEPLOYMENT_TARGET = 11.2;
				MTL_ENABLE_DEBUG_INFO = NO;
				SDKROOT = iphoneos;
				SWIFT_OPTIMIZATION_LEVEL = "-Owholemodule";
				VALIDATE_PRODUCT = YES;
			};
			name = Release;
		};
		6C57479F204EA8F7006BD7B1 /* Debug */ = {
			isa = XCBuildConfiguration;
			baseConfigurationReference = B9E82C7BC27A06ABDFD360A2 /* Pods-ChangeTest.debug.xcconfig */;
			buildSettings = {
				ASSETCATALOG_COMPILER_APPICON_NAME = AppIcon;
				CODE_SIGN_STYLE = Automatic;
				DEVELOPMENT_TEAM = G9EVQJ4C2M;
				INFOPLIST_FILE = ChangeTest/Info.plist;
				LD_RUNPATH_SEARCH_PATHS = "$(inherited) @executable_path/Frameworks";
				PRODUCT_BUNDLE_IDENTIFIER = com.ChangeTest;
				PRODUCT_NAME = "$(TARGET_NAME)";
				SWIFT_VERSION = 4.0;
				TARGETED_DEVICE_FAMILY = "1,2";
			};
			name = Debug;
		};
		6C5747A0204EA8F7006BD7B1 /* Release */ = {
			isa = XCBuildConfiguration;
			baseConfigurationReference = 67615D2F89D8C57C27447BA9 /* Pods-ChangeTest.release.xcconfig */;
			buildSettings = {
				ASSETCATALOG_COMPILER_APPICON_NAME = AppIcon;
				CODE_SIGN_STYLE = Automatic;
				DEVELOPMENT_TEAM = G9EVQJ4C2M;
				INFOPLIST_FILE = ChangeTest/Info.plist;
				LD_RUNPATH_SEARCH_PATHS = "$(inherited) @executable_path/Frameworks";
				PRODUCT_BUNDLE_IDENTIFIER = com.ChangeTest;
				PRODUCT_NAME = "$(TARGET_NAME)";
				SWIFT_VERSION = 4.0;
				TARGETED_DEVICE_FAMILY = "1,2";
			};
			name = Release;
		};
/* End XCBuildConfiguration section */

/* Begin XCConfigurationList section */
		6C574787204EA8F7006BD7B1 /* Build configuration list for PBXProject "ChangeTest" */ = {
			isa = XCConfigurationList;
			buildConfigurations = (
				6C57479C204EA8F7006BD7B1 /* Debug */,
				6C57479D204EA8F7006BD7B1 /* Release */,
			);
			defaultConfigurationIsVisible = 0;
			defaultConfigurationName = Release;
		};
		6C57479E204EA8F7006BD7B1 /* Build configuration list for PBXNativeTarget "ChangeTest" */ = {
			isa = XCConfigurationList;
			buildConfigurations = (
				6C57479F204EA8F7006BD7B1 /* Debug */,
				6C5747A0204EA8F7006BD7B1 /* Release */,
			);
			defaultConfigurationIsVisible = 0;
			defaultConfigurationName = Release;
		};
/* End XCConfigurationList section */
	};
	rootObject = 6C574784204EA8F7006BD7B1 /* Project object */;
}
