// !$*UTF8*$!
{
	archiveVersion = 1;
	classes = {
	};
	objectVersion = 48;
	objects = {

/* Begin PBXBuildFile section */
		111BC0E990E5498B5698D89D /* Pods_ChangeTestProgect.framework in Frameworks */ = {isa = PBXBuildFile; fileRef = 9EAB599D037F485DF2F65AF7 /* Pods_ChangeTestProgect.framework */; };
		6C2FB34E2051DE6E00EA5B95 /* ChangeDataServise.swift in Sources */ = {isa = PBXBuildFile; fileRef = 6C2FB34D2051DE6E00EA5B95 /* ChangeDataServise.swift */; };
		6C7AD31B20F6AECC005966C5 /* CustomView.swift in Sources */ = {isa = PBXBuildFile; fileRef = 6C7AD31A20F6AECC005966C5 /* CustomView.swift */; };
		6CE438F320508D53005F1CFB /* AppDelegate.swift in Sources */ = {isa = PBXBuildFile; fileRef = 6CE438F220508D53005F1CFB /* AppDelegate.swift */; };
		6CE438F520508D53005F1CFB /* ViewController.swift in Sources */ = {isa = PBXBuildFile; fileRef = 6CE438F420508D53005F1CFB /* ViewController.swift */; };
		6CE438F820508D53005F1CFB /* Main.storyboard in Resources */ = {isa = PBXBuildFile; fileRef = 6CE438F620508D53005F1CFB /* Main.storyboard */; };
		6CE438FA20508D53005F1CFB /* Assets.xcassets in Resources */ = {isa = PBXBuildFile; fileRef = 6CE438F920508D53005F1CFB /* Assets.xcassets */; };
		6CE438FD20508D53005F1CFB /* LaunchScreen.storyboard in Resources */ = {isa = PBXBuildFile; fileRef = 6CE438FB20508D53005F1CFB /* LaunchScreen.storyboard */; };
		6CE4390820508E0A005F1CFB /* Constants.swift in Sources */ = {isa = PBXBuildFile; fileRef = 6CE4390720508E0A005F1CFB /* Constants.swift */; };
		6CE4390A20508E24005F1CFB /* ModelJson.swift in Sources */ = {isa = PBXBuildFile; fileRef = 6CE4390920508E24005F1CFB /* ModelJson.swift */; };
		6CE4390C20508E90005F1CFB /* ChangeTableViewCell.swift in Sources */ = {isa = PBXBuildFile; fileRef = 6CE4390B20508E90005F1CFB /* ChangeTableViewCell.swift */; };
/* End PBXBuildFile section */

/* Begin PBXFileReference section */
		169245E2B4CA421B110A6A4C /* Pods-ChangeTestProgect.release.xcconfig */ = {isa = PBXFileReference; includeInIndex = 1; lastKnownFileType = text.xcconfig; name = "Pods-ChangeTestProgect.release.xcconfig"; path = "Pods/Target Support Files/Pods-ChangeTestProgect/Pods-ChangeTestProgect.release.xcconfig"; sourceTree = "<group>"; };
		6539C8BBB3AFDBC6A47D9FF1 /* Pods-ChangeTestProgect.debug.xcconfig */ = {isa = PBXFileReference; includeInIndex = 1; lastKnownFileType = text.xcconfig; name = "Pods-ChangeTestProgect.debug.xcconfig"; path = "Pods/Target Support Files/Pods-ChangeTestProgect/Pods-ChangeTestProgect.debug.xcconfig"; sourceTree = "<group>"; };
		6C2FB34D2051DE6E00EA5B95 /* ChangeDataServise.swift */ = {isa = PBXFileReference; lastKnownFileType = sourcecode.swift; path = ChangeDataServise.swift; sourceTree = "<group>"; };
		6C7AD31A20F6AECC005966C5 /* CustomView.swift */ = {isa = PBXFileReference; lastKnownFileType = sourcecode.swift; path = CustomView.swift; sourceTree = "<group>"; };
		6CE438EF20508D53005F1CFB /* ChangeTestProgect.app */ = {isa = PBXFileReference; explicitFileType = wrapper.application; includeInIndex = 0; path = ChangeTestProgect.app; sourceTree = BUILT_PRODUCTS_DIR; };
		6CE438F220508D53005F1CFB /* AppDelegate.swift */ = {isa = PBXFileReference; lastKnownFileType = sourcecode.swift; path = AppDelegate.swift; sourceTree = "<group>"; };
		6CE438F420508D53005F1CFB /* ViewController.swift */ = {isa = PBXFileReference; lastKnownFileType = sourcecode.swift; path = ViewController.swift; sourceTree = "<group>"; };
		6CE438F720508D53005F1CFB /* Base */ = {isa = PBXFileReference; lastKnownFileType = file.storyboard; name = Base; path = Base.lproj/Main.storyboard; sourceTree = "<group>"; };
		6CE438F920508D53005F1CFB /* Assets.xcassets */ = {isa = PBXFileReference; lastKnownFileType = folder.assetcatalog; path = Assets.xcassets; sourceTree = "<group>"; };
		6CE438FC20508D53005F1CFB /* Base */ = {isa = PBXFileReference; lastKnownFileType = file.storyboard; name = Base; path = Base.lproj/LaunchScreen.storyboard; sourceTree = "<group>"; };
		6CE438FE20508D53005F1CFB /* Info.plist */ = {isa = PBXFileReference; lastKnownFileType = text.plist.xml; path = Info.plist; sourceTree = "<group>"; };
		6CE4390720508E0A005F1CFB /* Constants.swift */ = {isa = PBXFileReference; lastKnownFileType = sourcecode.swift; path = Constants.swift; sourceTree = "<group>"; };
		6CE4390920508E24005F1CFB /* ModelJson.swift */ = {isa = PBXFileReference; lastKnownFileType = sourcecode.swift; path = ModelJson.swift; sourceTree = "<group>"; };
		6CE4390B20508E90005F1CFB /* ChangeTableViewCell.swift */ = {isa = PBXFileReference; lastKnownFileType = sourcecode.swift; path = ChangeTableViewCell.swift; sourceTree = "<group>"; };
		9EAB599D037F485DF2F65AF7 /* Pods_ChangeTestProgect.framework */ = {isa = PBXFileReference; explicitFileType = wrapper.framework; includeInIndex = 0; path = Pods_ChangeTestProgect.framework; sourceTree = BUILT_PRODUCTS_DIR; };
/* End PBXFileReference section */

/* Begin PBXFrameworksBuildPhase section */
		6CE438EC20508D53005F1CFB /* Frameworks */ = {
			isa = PBXFrameworksBuildPhase;
			buildActionMask = 2147483647;
			files = (
				111BC0E990E5498B5698D89D /* Pods_ChangeTestProgect.framework in Frameworks */,
			);
			runOnlyForDeploymentPostprocessing = 0;
		};
/* End PBXFrameworksBuildPhase section */

/* Begin PBXGroup section */
		541E531ADBE94022355DF578 /* Frameworks */ = {
			isa = PBXGroup;
			children = (
				9EAB599D037F485DF2F65AF7 /* Pods_ChangeTestProgect.framework */,
			);
			name = Frameworks;
			sourceTree = "<group>";
		};
		6C2FB34C2051DE3300EA5B95 /* JsonDataServices */ = {
			isa = PBXGroup;
			children = (
				6C2FB34D2051DE6E00EA5B95 /* ChangeDataServise.swift */,
			);
			path = JsonDataServices;
			sourceTree = "<group>";
		};
		6CE438E620508D52005F1CFB = {
			isa = PBXGroup;
			children = (
				6CE438F120508D53005F1CFB /* ChangeTestProgect */,
				6CE438F020508D53005F1CFB /* Products */,
				88788EE66C8E10157552D5B8 /* Pods */,
				541E531ADBE94022355DF578 /* Frameworks */,
			);
			sourceTree = "<group>";
		};
		6CE438F020508D53005F1CFB /* Products */ = {
			isa = PBXGroup;
			children = (
				6CE438EF20508D53005F1CFB /* ChangeTestProgect.app */,
			);
			name = Products;
			sourceTree = "<group>";
		};
		6CE438F120508D53005F1CFB /* ChangeTestProgect */ = {
			isa = PBXGroup;
			children = (
				6CE438F220508D53005F1CFB /* AppDelegate.swift */,
				6CE4390520508DD9005F1CFB /* Model */,
				6C2FB34C2051DE3300EA5B95 /* JsonDataServices */,
				6CE4390620508DDA005F1CFB /* Constants */,
				6CE4390420508DD6005F1CFB /* VC */,
				6CE438F620508D53005F1CFB /* Main.storyboard */,
				6CE438F920508D53005F1CFB /* Assets.xcassets */,
				6CE438FB20508D53005F1CFB /* LaunchScreen.storyboard */,
				6CE438FE20508D53005F1CFB /* Info.plist */,
			);
			path = ChangeTestProgect;
			sourceTree = "<group>";
		};
		6CE4390420508DD6005F1CFB /* VC */ = {
			isa = PBXGroup;
			children = (
				6CE438F420508D53005F1CFB /* ViewController.swift */,
				6CE4390B20508E90005F1CFB /* ChangeTableViewCell.swift */,
				6C7AD31A20F6AECC005966C5 /* CustomView.swift */,
			);
			path = VC;
			sourceTree = "<group>";
		};
		6CE4390520508DD9005F1CFB /* Model */ = {
			isa = PBXGroup;
			children = (
				6CE4390920508E24005F1CFB /* ModelJson.swift */,
			);
			path = Model;
			sourceTree = "<group>";
		};
		6CE4390620508DDA005F1CFB /* Constants */ = {
			isa = PBXGroup;
			children = (
				6CE4390720508E0A005F1CFB /* Constants.swift */,
			);
			path = Constants;
			sourceTree = "<group>";
		};
		88788EE66C8E10157552D5B8 /* Pods */ = {
			isa = PBXGroup;
			children = (
				6539C8BBB3AFDBC6A47D9FF1 /* Pods-ChangeTestProgect.debug.xcconfig */,
				169245E2B4CA421B110A6A4C /* Pods-ChangeTestProgect.release.xcconfig */,
			);
			name = Pods;
			sourceTree = "<group>";
		};
/* End PBXGroup section */

/* Begin PBXNativeTarget section */
		6CE438EE20508D53005F1CFB /* ChangeTestProgect */ = {
			isa = PBXNativeTarget;
			buildConfigurationList = 6CE4390120508D53005F1CFB /* Build configuration list for PBXNativeTarget "ChangeTestProgect" */;
			buildPhases = (
				37CAEF5F71E5F4C69DFF7B8B /* [CP] Check Pods Manifest.lock */,
				6CE438EB20508D53005F1CFB /* Sources */,
				6CE438EC20508D53005F1CFB /* Frameworks */,
				6CE438ED20508D53005F1CFB /* Resources */,
				851759FFF0115CB5A3502A46 /* [CP] Embed Pods Frameworks */,
			);
			buildRules = (
			);
			dependencies = (
			);
			name = ChangeTestProgect;
			productName = ChangeTestProgect;
			productReference = 6CE438EF20508D53005F1CFB /* ChangeTestProgect.app */;
			productType = "com.apple.product-type.application";
		};
/* End PBXNativeTarget section */

/* Begin PBXProject section */
		6CE438E720508D53005F1CFB /* Project object */ = {
			isa = PBXProject;
			attributes = {
				LastSwiftUpdateCheck = 0920;
				LastUpgradeCheck = 0940;
				ORGANIZATIONNAME = "Вячеслав Лойе";
				TargetAttributes = {
					6CE438EE20508D53005F1CFB = {
						CreatedOnToolsVersion = 9.2;
						ProvisioningStyle = Automatic;
					};
				};
			};
			buildConfigurationList = 6CE438EA20508D53005F1CFB /* Build configuration list for PBXProject "ChangeTestProgect" */;
			compatibilityVersion = "Xcode 8.0";
			developmentRegion = en;
			hasScannedForEncodings = 0;
			knownRegions = (
				en,
				Base,
			);
			mainGroup = 6CE438E620508D52005F1CFB;
			productRefGroup = 6CE438F020508D53005F1CFB /* Products */;
			projectDirPath = "";
			projectRoot = "";
			targets = (
				6CE438EE20508D53005F1CFB /* ChangeTestProgect */,
			);
		};
/* End PBXProject section */

/* Begin PBXResourcesBuildPhase section */
		6CE438ED20508D53005F1CFB /* Resources */ = {
			isa = PBXResourcesBuildPhase;
			buildActionMask = 2147483647;
			files = (
				6CE438FD20508D53005F1CFB /* LaunchScreen.storyboard in Resources */,
				6CE438FA20508D53005F1CFB /* Assets.xcassets in Resources */,
				6CE438F820508D53005F1CFB /* Main.storyboard in Resources */,
			);
			runOnlyForDeploymentPostprocessing = 0;
		};
/* End PBXResourcesBuildPhase section */

/* Begin PBXShellScriptBuildPhase section */
		37CAEF5F71E5F4C69DFF7B8B /* [CP] Check Pods Manifest.lock */ = {
			isa = PBXShellScriptBuildPhase;
			buildActionMask = 2147483647;
			files = (
			);
			inputPaths = (
				"${PODS_PODFILE_DIR_PATH}/Podfile.lock",
				"${PODS_ROOT}/Manifest.lock",
			);
			name = "[CP] Check Pods Manifest.lock";
			outputPaths = (
				"$(DERIVED_FILE_DIR)/Pods-ChangeTestProgect-checkManifestLockResult.txt",
			);
			runOnlyForDeploymentPostprocessing = 0;
			shellPath = /bin/sh;
			shellScript = "diff \"${PODS_PODFILE_DIR_PATH}/Podfile.lock\" \"${PODS_ROOT}/Manifest.lock\" > /dev/null\nif [ $? != 0 ] ; then\n    # print error to STDERR\n    echo \"error: The sandbox is not in sync with the Podfile.lock. Run 'pod install' or update your CocoaPods installation.\" >&2\n    exit 1\nfi\n# This output is used by Xcode 'outputs' to avoid re-running this script phase.\necho \"SUCCESS\" > \"${SCRIPT_OUTPUT_FILE_0}\"\n";
			showEnvVarsInLog = 0;
		};
		851759FFF0115CB5A3502A46 /* [CP] Embed Pods Frameworks */ = {
			isa = PBXShellScriptBuildPhase;
			buildActionMask = 2147483647;
			files = (
			);
			inputPaths = (
				"${SRCROOT}/Pods/Target Support Files/Pods-ChangeTestProgect/Pods-ChangeTestProgect-frameworks.sh",
				"${BUILT_PRODUCTS_DIR}/Alamofire/Alamofire.framework",
				"${BUILT_PRODUCTS_DIR}/KYDrawerController/KYDrawerController.framework",
				"${BUILT_PRODUCTS_DIR}/SDWebImage/SDWebImage.framework",
			);
			name = "[CP] Embed Pods Frameworks";
			outputPaths = (
				"${TARGET_BUILD_DIR}/${FRAMEWORKS_FOLDER_PATH}/Alamofire.framework",
				"${TARGET_BUILD_DIR}/${FRAMEWORKS_FOLDER_PATH}/KYDrawerController.framework",
				"${TARGET_BUILD_DIR}/${FRAMEWORKS_FOLDER_PATH}/SDWebImage.framework",
			);
			runOnlyForDeploymentPostprocessing = 0;
			shellPath = /bin/sh;
			shellScript = "\"${SRCROOT}/Pods/Target Support Files/Pods-ChangeTestProgect/Pods-ChangeTestProgect-frameworks.sh\"\n";
			showEnvVarsInLog = 0;
		};
/* End PBXShellScriptBuildPhase section */

/* Begin PBXSourcesBuildPhase section */
		6CE438EB20508D53005F1CFB /* Sources */ = {
			isa = PBXSourcesBuildPhase;
			buildActionMask = 2147483647;
			files = (
				6CE438F520508D53005F1CFB /* ViewController.swift in Sources */,
				6CE4390A20508E24005F1CFB /* ModelJson.swift in Sources */,
				6CE438F320508D53005F1CFB /* AppDelegate.swift in Sources */,
				6C7AD31B20F6AECC005966C5 /* CustomView.swift in Sources */,
				6C2FB34E2051DE6E00EA5B95 /* ChangeDataServise.swift in Sources */,
				6CE4390C20508E90005F1CFB /* ChangeTableViewCell.swift in Sources */,
				6CE4390820508E0A005F1CFB /* Constants.swift in Sources */,
			);
			runOnlyForDeploymentPostprocessing = 0;
		};
/* End PBXSourcesBuildPhase section */

/* Begin PBXVariantGroup section */
		6CE438F620508D53005F1CFB /* Main.storyboard */ = {
			isa = PBXVariantGroup;
			children = (
				6CE438F720508D53005F1CFB /* Base */,
			);
			name = Main.storyboard;
			sourceTree = "<group>";
		};
		6CE438FB20508D53005F1CFB /* LaunchScreen.storyboard */ = {
			isa = PBXVariantGroup;
			children = (
				6CE438FC20508D53005F1CFB /* Base */,
			);
			name = LaunchScreen.storyboard;
			sourceTree = "<group>";
		};
/* End PBXVariantGroup section */

/* Begin XCBuildConfiguration section */
		6CE438FF20508D53005F1CFB /* Debug */ = {
			isa = XCBuildConfiguration;
			buildSettings = {
				ALWAYS_SEARCH_USER_PATHS = NO;
				CLANG_ANALYZER_NONNULL = YES;
				CLANG_ANALYZER_NUMBER_OBJECT_CONVERSION = YES_AGGRESSIVE;
				CLANG_CXX_LANGUAGE_STANDARD = "gnu++14";
				CLANG_CXX_LIBRARY = "libc++";
				CLANG_ENABLE_MODULES = YES;
				CLANG_ENABLE_OBJC_ARC = YES;
				CLANG_WARN_BLOCK_CAPTURE_AUTORELEASING = YES;
				CLANG_WARN_BOOL_CONVERSION = YES;
				CLANG_WARN_COMMA = YES;
				CLANG_WARN_CONSTANT_CONVERSION = YES;
				CLANG_WARN_DEPRECATED_OBJC_IMPLEMENTATIONS = YES;
				CLANG_WARN_DIRECT_OBJC_ISA_USAGE = YES_ERROR;
				CLANG_WARN_DOCUMENTATION_COMMENTS = YES;
				CLANG_WARN_EMPTY_BODY = YES;
				CLANG_WARN_ENUM_CONVERSION = YES;
				CLANG_WARN_INFINITE_RECURSION = YES;
				CLANG_WARN_INT_CONVERSION = YES;
				CLANG_WARN_NON_LITERAL_NULL_CONVERSION = YES;
				CLANG_WARN_OBJC_IMPLICIT_RETAIN_SELF = YES;
				CLANG_WARN_OBJC_LITERAL_CONVERSION = YES;
				CLANG_WARN_OBJC_ROOT_CLASS = YES_ERROR;
				CLANG_WARN_RANGE_LOOP_ANALYSIS = YES;
				CLANG_WARN_STRICT_PROTOTYPES = YES;
				CLANG_WARN_SUSPICIOUS_MOVE = YES;
				CLANG_WARN_UNGUARDED_AVAILABILITY = YES_AGGRESSIVE;
				CLANG_WARN_UNREACHABLE_CODE = YES;
				CLANG_WARN__DUPLICATE_METHOD_MATCH = YES;
				CODE_SIGN_IDENTITY = "iPhone Developer";
				COPY_PHASE_STRIP = NO;
				DEBUG_INFORMATION_FORMAT = dwarf;
				ENABLE_STRICT_OBJC_MSGSEND = YES;
				ENABLE_TESTABILITY = YES;
				GCC_C_LANGUAGE_STANDARD = gnu11;
				GCC_DYNAMIC_NO_PIC = NO;
				GCC_NO_COMMON_BLOCKS = YES;
				GCC_OPTIMIZATION_LEVEL = 0;
				GCC_PREPROCESSOR_DEFINITIONS = (
					"DEBUG=1",
					"$(inherited)",
				);
				GCC_WARN_64_TO_32_BIT_CONVERSION = YES;
				GCC_WARN_ABOUT_RETURN_TYPE = YES_ERROR;
				GCC_WARN_UNDECLARED_SELECTOR = YES;
				GCC_WARN_UNINITIALIZED_AUTOS = YES_AGGRESSIVE;
				GCC_WARN_UNUSED_FUNCTION = YES;
				GCC_WARN_UNUSED_VARIABLE = YES;
				IPHONEOS_DEPLOYMENT_TARGET = 11.2;
				MTL_ENABLE_DEBUG_INFO = YES;
				ONLY_ACTIVE_ARCH = YES;
				SDKROOT = iphoneos;
				SWIFT_ACTIVE_COMPILATION_CONDITIONS = DEBUG;
				SWIFT_OPTIMIZATION_LEVEL = "-Onone";
			};
			name = Debug;
		};
		6CE4390020508D53005F1CFB /* Release */ = {
			isa = XCBuildConfiguration;
			buildSettings = {
				ALWAYS_SEARCH_USER_PATHS = NO;
				CLANG_ANALYZER_NONNULL = YES;
				CLANG_ANALYZER_NUMBER_OBJECT_CONVERSION = YES_AGGRESSIVE;
				CLANG_CXX_LANGUAGE_STANDARD = "gnu++14";
				CLANG_CXX_LIBRARY = "libc++";
				CLANG_ENABLE_MODULES = YES;
				CLANG_ENABLE_OBJC_ARC = YES;
				CLANG_WARN_BLOCK_CAPTURE_AUTORELEASING = YES;
				CLANG_WARN_BOOL_CONVERSION = YES;
				CLANG_WARN_COMMA = YES;
				CLANG_WARN_CONSTANT_CONVERSION = YES;
				CLANG_WARN_DEPRECATED_OBJC_IMPLEMENTATIONS = YES;
				CLANG_WARN_DIRECT_OBJC_ISA_USAGE = YES_ERROR;
				CLANG_WARN_DOCUMENTATION_COMMENTS = YES;
				CLANG_WARN_EMPTY_BODY = YES;
				CLANG_WARN_ENUM_CONVERSION = YES;
				CLANG_WARN_INFINITE_RECURSION = YES;
				CLANG_WARN_INT_CONVERSION = YES;
				CLANG_WARN_NON_LITERAL_NULL_CONVERSION = YES;
				CLANG_WARN_OBJC_IMPLICIT_RETAIN_SELF = YES;
				CLANG_WARN_OBJC_LITERAL_CONVERSION = YES;
				CLANG_WARN_OBJC_ROOT_CLASS = YES_ERROR;
				CLANG_WARN_RANGE_LOOP_ANALYSIS = YES;
				CLANG_WARN_STRICT_PROTOTYPES = YES;
				CLANG_WARN_SUSPICIOUS_MOVE = YES;
				CLANG_WARN_UNGUARDED_AVAILABILITY = YES_AGGRESSIVE;
				CLANG_WARN_UNREACHABLE_CODE = YES;
				CLANG_WARN__DUPLICATE_METHOD_MATCH = YES;
				CODE_SIGN_IDENTITY = "iPhone Developer";
				COPY_PHASE_STRIP = NO;
				DEBUG_INFORMATION_FORMAT = "dwarf-with-dsym";
				ENABLE_NS_ASSERTIONS = NO;
				ENABLE_STRICT_OBJC_MSGSEND = YES;
				GCC_C_LANGUAGE_STANDARD = gnu11;
				GCC_NO_COMMON_BLOCKS = YES;
				GCC_WARN_64_TO_32_BIT_CONVERSION = YES;
				GCC_WARN_ABOUT_RETURN_TYPE = YES_ERROR;
				GCC_WARN_UNDECLARED_SELECTOR = YES;
				GCC_WARN_UNINITIALIZED_AUTOS = YES_AGGRESSIVE;
				GCC_WARN_UNUSED_FUNCTION = YES;
				GCC_WARN_UNUSED_VARIABLE = YES;
				IPHONEOS_DEPLOYMENT_TARGET = 11.2;
				MTL_ENABLE_DEBUG_INFO = NO;
				SDKROOT = iphoneos;
				SWIFT_OPTIMIZATION_LEVEL = "-Owholemodule";
				VALIDATE_PRODUCT = YES;
			};
			name = Release;
		};
		6CE4390220508D53005F1CFB /* Debug */ = {
			isa = XCBuildConfiguration;
			baseConfigurationReference = 6539C8BBB3AFDBC6A47D9FF1 /* Pods-ChangeTestProgect.debug.xcconfig */;
			buildSettings = {
				ASSETCATALOG_COMPILER_APPICON_NAME = AppIcon;
				CODE_SIGN_STYLE = Automatic;
				DEVELOPMENT_TEAM = G9EVQJ4C2M;
				INFOPLIST_FILE = ChangeTestProgect/Info.plist;
				IPHONEOS_DEPLOYMENT_TARGET = 11.4;
				LD_RUNPATH_SEARCH_PATHS = "$(inherited) @executable_path/Frameworks";
				PRODUCT_BUNDLE_IDENTIFIER = com.ChangeTestProgect;
				PRODUCT_NAME = "$(TARGET_NAME)";
				SWIFT_VERSION = 4.0;
				TARGETED_DEVICE_FAMILY = "1,2";
			};
			name = Debug;
		};
		6CE4390320508D53005F1CFB /* Release */ = {
			isa = XCBuildConfiguration;
			baseConfigurationReference = 169245E2B4CA421B110A6A4C /* Pods-ChangeTestProgect.release.xcconfig */;
			buildSettings = {
				ASSETCATALOG_COMPILER_APPICON_NAME = AppIcon;
				CODE_SIGN_STYLE = Automatic;
				DEVELOPMENT_TEAM = G9EVQJ4C2M;
				INFOPLIST_FILE = ChangeTestProgect/Info.plist;
				IPHONEOS_DEPLOYMENT_TARGET = 11.4;
				LD_RUNPATH_SEARCH_PATHS = "$(inherited) @executable_path/Frameworks";
				PRODUCT_BUNDLE_IDENTIFIER = com.ChangeTestProgect;
				PRODUCT_NAME = "$(TARGET_NAME)";
				SWIFT_VERSION = 4.0;
				TARGETED_DEVICE_FAMILY = "1,2";
			};
			name = Release;
		};
/* End XCBuildConfiguration section */

/* Begin XCConfigurationList section */
		6CE438EA20508D53005F1CFB /* Build configuration list for PBXProject "ChangeTestProgect" */ = {
			isa = XCConfigurationList;
			buildConfigurations = (
				6CE438FF20508D53005F1CFB /* Debug */,
				6CE4390020508D53005F1CFB /* Release */,
			);
			defaultConfigurationIsVisible = 0;
			defaultConfigurationName = Release;
		};
		6CE4390120508D53005F1CFB /* Build configuration list for PBXNativeTarget "ChangeTestProgect" */ = {
			isa = XCConfigurationList;
			buildConfigurations = (
				6CE4390220508D53005F1CFB /* Debug */,
				6CE4390320508D53005F1CFB /* Release */,
			);
			defaultConfigurationIsVisible = 0;
			defaultConfigurationName = Release;
		};
/* End XCConfigurationList section */
	};
	rootObject = 6CE438E720508D53005F1CFB /* Project object */;
}
